
Microsoft Visual Studio Solution File, Format Version 12.00
# Visual Studio Version 16
VisualStudioVersion = 16.0.29709.97
MinimumVisualStudioVersion = 10.0.40219.1
Project("{FAE04EC0-301F-11D3-BF4B-00C04F79EFBC}") = "PROYECTO_SISTEMA_DE_PRESTAMOS", "PROYECTO_SISTEMA_DE_PRESTAMOS\PROYECTO_SISTEMA_DE_PRESTAMOS.csproj", "{479D5338-08AF-4B6D-AB99-83F2842B5BCA}"
EndProject
Global
	GlobalSection(SolutionConfigurationPlatforms) = preSolution
		Debug|Any CPU = Debug|Any CPU
		Release|Any CPU = Release|Any CPU
	EndGlobalSection
	GlobalSection(ProjectConfigurationPlatforms) = postSolution
		{479D5338-08AF-4B6D-AB99-83F2842B5BCA}.Debug|Any CPU.ActiveCfg = Debug|Any CPU
		{479D5338-08AF-4B6D-AB99-83F2842B5BCA}.Debug|Any CPU.Build.0 = Debug|Any CPU
		{479D5338-08AF-4B6D-AB99-83F2842B5BCA}.Release|Any CPU.ActiveCfg = Release|Any CPU
		{479D5338-08AF-4B6D-AB99-83F2842B5BCA}.Release|Any CPU.Build.0 = Release|Any CPU
	EndGlobalSection
	GlobalSection(SolutionProperties) = preSolution
		HideSolutionNode = FALSE
	EndGlobalSection
	GlobalSection(ExtensibilityGlobals) = postSolution
		SolutionGuid = {BA195015-F9FE-4A72-8B10-9F8818D17865}
	EndGlobalSection
EndGlobal
